
Microsoft Visual Studio Solution File, Format Version 12.00
# Visual Studio Version 17
VisualStudioVersion = 17.0.31815.197
MinimumVisualStudioVersion = 10.0.40219.1
Project("{2150E333-8FDC-42A3-9474-1A3956D46DE8}") = "Module 1", "Module 1", "{D5E3DC77-4B02-40A3-84D5-E7AE926E9C9D}"
EndProject
Project("{FAE04EC0-301F-11D3-BF4B-00C04F79EFBC}") = "Task_1", "Task_1\Task_1.csproj", "{872B0477-EF31-4F19-9123-27DEDFE9B2DD}"
EndProject
Project("{FAE04EC0-301F-11D3-BF4B-00C04F79EFBC}") = "Task_2", "Task_2\Task_2.csproj", "{BE017809-F96B-4544-8426-3239D13CE957}"
EndProject
Project("{FAE04EC0-301F-11D3-BF4B-00C04F79EFBC}") = "Task_3", "Task_3\Task_3.csproj", "{7C08F10E-6D50-48A9-990A-15513008F65E}"
EndProject
Project("{FAE04EC0-301F-11D3-BF4B-00C04F79EFBC}") = "Task_4", "Task_4\Task_4.csproj", "{4DF60082-B677-4B15-8530-838AB0AE5749}"
EndProject
Project("{FAE04EC0-301F-11D3-BF4B-00C04F79EFBC}") = "Task_5", "Task_5\Task_5.csproj", "{58F4F4AA-467F-46A7-92A3-A6EDC1677E7E}"
EndProject
Global
	GlobalSection(SolutionConfigurationPlatforms) = preSolution
		Debug|Any CPU = Debug|Any CPU
		Release|Any CPU = Release|Any CPU
	EndGlobalSection
	GlobalSection(ProjectConfigurationPlatforms) = postSolution
		{872B0477-EF31-4F19-9123-27DEDFE9B2DD}.Debug|Any CPU.ActiveCfg = Debug|Any CPU
		{872B0477-EF31-4F19-9123-27DEDFE9B2DD}.Debug|Any CPU.Build.0 = Debug|Any CPU
		{872B0477-EF31-4F19-9123-27DEDFE9B2DD}.Release|Any CPU.ActiveCfg = Release|Any CPU
		{872B0477-EF31-4F19-9123-27DEDFE9B2DD}.Release|Any CPU.Build.0 = Release|Any CPU
		{BE017809-F96B-4544-8426-3239D13CE957}.Debug|Any CPU.ActiveCfg = Debug|Any CPU
		{BE017809-F96B-4544-8426-3239D13CE957}.Debug|Any CPU.Build.0 = Debug|Any CPU
		{BE017809-F96B-4544-8426-3239D13CE957}.Release|Any CPU.ActiveCfg = Release|Any CPU
		{BE017809-F96B-4544-8426-3239D13CE957}.Release|Any CPU.Build.0 = Release|Any CPU
		{7C08F10E-6D50-48A9-990A-15513008F65E}.Debug|Any CPU.ActiveCfg = Debug|Any CPU
		{7C08F10E-6D50-48A9-990A-15513008F65E}.Debug|Any CPU.Build.0 = Debug|Any CPU
		{7C08F10E-6D50-48A9-990A-15513008F65E}.Release|Any CPU.ActiveCfg = Release|Any CPU
		{7C08F10E-6D50-48A9-990A-15513008F65E}.Release|Any CPU.Build.0 = Release|Any CPU
		{4DF60082-B677-4B15-8530-838AB0AE5749}.Debug|Any CPU.ActiveCfg = Debug|Any CPU
		{4DF60082-B677-4B15-8530-838AB0AE5749}.Debug|Any CPU.Build.0 = Debug|Any CPU
		{4DF60082-B677-4B15-8530-838AB0AE5749}.Release|Any CPU.ActiveCfg = Release|Any CPU
		{4DF60082-B677-4B15-8530-838AB0AE5749}.Release|Any CPU.Build.0 = Release|Any CPU
		{58F4F4AA-467F-46A7-92A3-A6EDC1677E7E}.Debug|Any CPU.ActiveCfg = Debug|Any CPU
		{58F4F4AA-467F-46A7-92A3-A6EDC1677E7E}.Debug|Any CPU.Build.0 = Debug|Any CPU
		{58F4F4AA-467F-46A7-92A3-A6EDC1677E7E}.Release|Any CPU.ActiveCfg = Release|Any CPU
		{58F4F4AA-467F-46A7-92A3-A6EDC1677E7E}.Release|Any CPU.Build.0 = Release|Any CPU
	EndGlobalSection
	GlobalSection(SolutionProperties) = preSolution
		HideSolutionNode = FALSE
	EndGlobalSection
	GlobalSection(NestedProjects) = preSolution
		{872B0477-EF31-4F19-9123-27DEDFE9B2DD} = {D5E3DC77-4B02-40A3-84D5-E7AE926E9C9D}
		{BE017809-F96B-4544-8426-3239D13CE957} = {D5E3DC77-4B02-40A3-84D5-E7AE926E9C9D}
		{7C08F10E-6D50-48A9-990A-15513008F65E} = {D5E3DC77-4B02-40A3-84D5-E7AE926E9C9D}
		{4DF60082-B677-4B15-8530-838AB0AE5749} = {D5E3DC77-4B02-40A3-84D5-E7AE926E9C9D}
		{58F4F4AA-467F-46A7-92A3-A6EDC1677E7E} = {D5E3DC77-4B02-40A3-84D5-E7AE926E9C9D}
	EndGlobalSection
	GlobalSection(ExtensibilityGlobals) = postSolution
		SolutionGuid = {2BBD2424-346F-4025-B14B-4385760D09E3}
	EndGlobalSection
EndGlobal
